NeoBundleLock VimClojure 2a17c249571395a7f45523d38cac6a9326ecf8f1
NeoBundleLock diffchar.vim 5a124d56a2684dea1d37d26dd4a2d90d56399a88
NeoBundleLock neobundle.vim 484c7730cace41d46616e840ba6247886a87c9aa
NeoBundleLock neocomplcache 778181767467b8f8016828898779a646074d883a
NeoBundleLock neosnippet 3cfe8368cfccffdeab660ca1019696e0fd1aa944
NeoBundleLock nerdtree 3b98a7fcae8f9fff356907171f0406ff8cd28921
NeoBundleLock syntastic b609b3bdd37724b64e35bc9e6e087e2d43345062
NeoBundleLock tcomment_vim 1a9e65e6e1b2783816b606d57184a05ef3f91339
NeoBundleLock unite.vim 66196701d05e7b941607ca28b1dcc67ef7c5c133
NeoBundleLock vim-endwise f06abe3d6eca6f6ebfc31ea3163a51575f450df6
NeoBundleLock vim-fugitive 1c844375fa2762e3b7c16294fa36afee6fef28b1
NeoBundleLock vim-indent-guides 4895e860258cd24c975255ef459af4b956107557
NeoBundleLock vim-ruby 4cf308d325ee2e0990b44869b352ef0091913fd2
NeoBundleLock vim-slime 457ce9b366ceb1be1885e73e79ebbe8c1a2511ef
NeoBundleLock vim-surround 772ab9587b7d1e2c3bae75395c9123803059ba8a
NeoBundleLock vimproc c286dcbdfca9e0ee1a4cb90f09c3f03638112f5a
NeoBundleLock vimshell 4939e10609c434becf6423b2f3876bb9c2be3464
